# THIS IS AN AUTOGENERATED FILE. DO NOT EDIT THIS FILE DIRECTLY.
# yarn lockfile v1


"@substructure/settings@^0.1.13":
  version "0.1.13"
  resolved "https://registry.yarnpkg.com/@substructure/settings/-/settings-0.1.13.tgz#95dfc5316d089f918489bc61f687afdf113ea6e2"
  integrity sha512-Cz08HpUEGcmRvmSqhEZlfbY94PXT5ai/EwZQS/iLGgAF5uWCM8XyEKrzSRZsgnn3IarMGR0Le1JlWFEXQpY4Zg==

"@substructure/tools@^0.1.16":
  version "0.1.16"
  resolved "https://registry.yarnpkg.com/@substructure/tools/-/tools-0.1.16.tgz#bd3b236b392902e21b330813b923dfefc9cd4e70"
  integrity sha512-OdFZV5wTZBSDaXGVjxso9BgmoJsj3UXbgHm7wwMVtaCE5fKbDXFvTRUNymTKaA8M461UKFfRKsiUzUAm6aoMYw==
  dependencies:
    "@substructure/settings" "^0.1.13"
